// !$*UTF8*$!
{
	archiveVersion = 1;
	classes = {
	};
	objectVersion = 46;
	objects = {

/* Begin PBXBuildFile section */
		401B19FA1B70435D00E64243 /* AisleAideSetupViewController.m in Sources */ = {isa = PBXBuildFile; fileRef = 401B19F91B70435D00E64243 /* AisleAideSetupViewController.m */; };
		401B19FB1B70435D00E64243 /* AisleAideSetupViewController.m in Sources */ = {isa = PBXBuildFile; fileRef = 401B19F91B70435D00E64243 /* AisleAideSetupViewController.m */; };
		402F6CBE1B8C11970078DD63 /* AddMoreItemsViewController.m in Sources */ = {isa = PBXBuildFile; fileRef = 402F6CBD1B8C11970078DD63 /* AddMoreItemsViewController.m */; };
		402F6CBF1B8C11970078DD63 /* AddMoreItemsViewController.m in Sources */ = {isa = PBXBuildFile; fileRef = 402F6CBD1B8C11970078DD63 /* AddMoreItemsViewController.m */; };
		403AF3011AA7A8D600F8848E /* main.m in Sources */ = {isa = PBXBuildFile; fileRef = 403AF3001AA7A8D600F8848E /* main.m */; };
		403AF3041AA7A8D600F8848E /* AppDelegate.m in Sources */ = {isa = PBXBuildFile; fileRef = 403AF3031AA7A8D600F8848E /* AppDelegate.m */; };
		403AF3071AA7A8D600F8848E /* AisleAide.xcdatamodeld in Sources */ = {isa = PBXBuildFile; fileRef = 403AF3051AA7A8D600F8848E /* AisleAide.xcdatamodeld */; };
		403AF30A1AA7A8D600F8848E /* ViewController.m in Sources */ = {isa = PBXBuildFile; fileRef = 403AF3091AA7A8D600F8848E /* ViewController.m */; };
		403AF30D1AA7A8D600F8848E /* Main.storyboard in Resources */ = {isa = PBXBuildFile; fileRef = 403AF30B1AA7A8D600F8848E /* Main.storyboard */; };
		403AF30F1AA7A8D600F8848E /* Images.xcassets in Resources */ = {isa = PBXBuildFile; fileRef = 403AF30E1AA7A8D600F8848E /* Images.xcassets */; };
		403AF3121AA7A8D600F8848E /* LaunchScreen.xib in Resources */ = {isa = PBXBuildFile; fileRef = 403AF3101AA7A8D600F8848E /* LaunchScreen.xib */; };
		403AF31E1AA7A8D600F8848E /* AisleAideTests.m in Sources */ = {isa = PBXBuildFile; fileRef = 403AF31D1AA7A8D600F8848E /* AisleAideTests.m */; };
		403AF3291AA7AB2200F8848E /* Item.m in Sources */ = {isa = PBXBuildFile; fileRef = 403AF3281AA7AB2200F8848E /* Item.m */; };
		403AF32A1AA7AB2200F8848E /* Item.m in Sources */ = {isa = PBXBuildFile; fileRef = 403AF3281AA7AB2200F8848E /* Item.m */; };
		404D96401B6F01EE00447F5C /* ItemCollectionViewController.m in Sources */ = {isa = PBXBuildFile; fileRef = 404D963F1B6F01EE00447F5C /* ItemCollectionViewController.m */; };
		404D96411B6F01EE00447F5C /* ItemCollectionViewController.m in Sources */ = {isa = PBXBuildFile; fileRef = 404D963F1B6F01EE00447F5C /* ItemCollectionViewController.m */; };
		404D96441B6F05BC00447F5C /* ItemCollectionViewCell.m in Sources */ = {isa = PBXBuildFile; fileRef = 404D96431B6F05BC00447F5C /* ItemCollectionViewCell.m */; };
		404D96451B6F05BC00447F5C /* ItemCollectionViewCell.m in Sources */ = {isa = PBXBuildFile; fileRef = 404D96431B6F05BC00447F5C /* ItemCollectionViewCell.m */; };
		404D96491B703F0A00447F5C /* AANavigationController.m in Sources */ = {isa = PBXBuildFile; fileRef = 404D96471B703F0A00447F5C /* AANavigationController.m */; };
		404D964A1B703F0A00447F5C /* AANavigationController.m in Sources */ = {isa = PBXBuildFile; fileRef = 404D96471B703F0A00447F5C /* AANavigationController.m */; };
		404D964B1B703F0A00447F5C /* AANavigationController.xib in Resources */ = {isa = PBXBuildFile; fileRef = 404D96481B703F0A00447F5C /* AANavigationController.xib */; };
		404D964C1B703F0A00447F5C /* AANavigationController.xib in Resources */ = {isa = PBXBuildFile; fileRef = 404D96481B703F0A00447F5C /* AANavigationController.xib */; };
		40A089011C542F7400390AB2 /* AlsoOnItemTableViewCell.m in Sources */ = {isa = PBXBuildFile; fileRef = 40A089001C542F7400390AB2 /* AlsoOnItemTableViewCell.m */; };
		40A089021C542F7400390AB2 /* AlsoOnItemTableViewCell.m in Sources */ = {isa = PBXBuildFile; fileRef = 40A089001C542F7400390AB2 /* AlsoOnItemTableViewCell.m */; };
		40A089051C54305A00390AB2 /* AisleOverItemTableViewCell.m in Sources */ = {isa = PBXBuildFile; fileRef = 40A089041C54305A00390AB2 /* AisleOverItemTableViewCell.m */; };
		40A089061C54305A00390AB2 /* AisleOverItemTableViewCell.m in Sources */ = {isa = PBXBuildFile; fileRef = 40A089041C54305A00390AB2 /* AisleOverItemTableViewCell.m */; };
		40A6B1AE1B17E9660059BB24 /* ProdGrpCollectionViewCell.m in Sources */ = {isa = PBXBuildFile; fileRef = 40A6B1AD1B17E9660059BB24 /* ProdGrpCollectionViewCell.m */; };
		40A6B1AF1B17E9660059BB24 /* ProdGrpCollectionViewCell.m in Sources */ = {isa = PBXBuildFile; fileRef = 40A6B1AD1B17E9660059BB24 /* ProdGrpCollectionViewCell.m */; };
		40A6B1B21B17EA090059BB24 /* ProdGrpCollectionViewController.m in Sources */ = {isa = PBXBuildFile; fileRef = 40A6B1B11B17EA090059BB24 /* ProdGrpCollectionViewController.m */; };
		40A6B1B31B17EA090059BB24 /* ProdGrpCollectionViewController.m in Sources */ = {isa = PBXBuildFile; fileRef = 40A6B1B11B17EA090059BB24 /* ProdGrpCollectionViewController.m */; };
		40A6B1B61B17F9010059BB24 /* AisleAideContainerViewController.m in Sources */ = {isa = PBXBuildFile; fileRef = 40A6B1B51B17F9010059BB24 /* AisleAideContainerViewController.m */; };
		40A6B1B71B17F9010059BB24 /* AisleAideContainerViewController.m in Sources */ = {isa = PBXBuildFile; fileRef = 40A6B1B51B17F9010059BB24 /* AisleAideContainerViewController.m */; };
		40D86F321AFFD5EE00D686C8 /* ItemListViewController.m in Sources */ = {isa = PBXBuildFile; fileRef = 40D86F311AFFD5EE00D686C8 /* ItemListViewController.m */; };
		40D86F331AFFD5EE00D686C8 /* ItemListViewController.m in Sources */ = {isa = PBXBuildFile; fileRef = 40D86F311AFFD5EE00D686C8 /* ItemListViewController.m */; };
		40D86F361AFFE45000D686C8 /* ItemTableViewCell.m in Sources */ = {isa = PBXBuildFile; fileRef = 40D86F351AFFE45000D686C8 /* ItemTableViewCell.m */; };
		40D86F371AFFE45000D686C8 /* ItemTableViewCell.m in Sources */ = {isa = PBXBuildFile; fileRef = 40D86F351AFFE45000D686C8 /* ItemTableViewCell.m */; };
		40E94BA71BB708C9003E6920 /* Lyle.m in Sources */ = {isa = PBXBuildFile; fileRef = 40E94BA61BB708C9003E6920 /* Lyle.m */; };
		40E94BA81BB708C9003E6920 /* Lyle.m in Sources */ = {isa = PBXBuildFile; fileRef = 40E94BA61BB708C9003E6920 /* Lyle.m */; };
		40E94BAB1BB70FD9003E6920 /* ItemList.m in Sources */ = {isa = PBXBuildFile; fileRef = 40E94BAA1BB70FD9003E6920 /* ItemList.m */; };
		40E94BAC1BB70FD9003E6920 /* ItemList.m in Sources */ = {isa = PBXBuildFile; fileRef = 40E94BAA1BB70FD9003E6920 /* ItemList.m */; };
		40F198351AC314E100950FDE /* ProductGroup.m in Sources */ = {isa = PBXBuildFile; fileRef = 40F198341AC314E100950FDE /* ProductGroup.m */; };
		40F198361AC314E100950FDE /* ProductGroup.m in Sources */ = {isa = PBXBuildFile; fileRef = 40F198341AC314E100950FDE /* ProductGroup.m */; };
		40F198391AC319D900950FDE /* Store.m in Sources */ = {isa = PBXBuildFile; fileRef = 40F198381AC319D900950FDE /* Store.m */; };
		40F1983A1AC319D900950FDE /* Store.m in Sources */ = {isa = PBXBuildFile; fileRef = 40F198381AC319D900950FDE /* Store.m */; };
		40F1983D1AC31C3400950FDE /* AisleList.m in Sources */ = {isa = PBXBuildFile; fileRef = 40F1983C1AC31C3400950FDE /* AisleList.m */; };
		40F1983E1AC31C3400950FDE /* AisleList.m in Sources */ = {isa = PBXBuildFile; fileRef = 40F1983C1AC31C3400950FDE /* AisleList.m */; };
		40F198441AC328CE00950FDE /* StoreModel.plist in Resources */ = {isa = PBXBuildFile; fileRef = 40F198431AC328CE00950FDE /* StoreModel.plist */; };
		40F198451AC328CE00950FDE /* StoreModel.plist in Resources */ = {isa = PBXBuildFile; fileRef = 40F198431AC328CE00950FDE /* StoreModel.plist */; };
		40F24CDA1ABCF0C400B9945F /* Aisle.m in Sources */ = {isa = PBXBuildFile; fileRef = 40F24CD91ABCF0C400B9945F /* Aisle.m */; };
		40F24CDB1ABCF0C400B9945F /* Aisle.m in Sources */ = {isa = PBXBuildFile; fileRef = 40F24CD91ABCF0C400B9945F /* Aisle.m */; };
		40F24CDE1ABCF5B900B9945F /* Patron.m in Sources */ = {isa = PBXBuildFile; fileRef = 40F24CDD1ABCF5B900B9945F /* Patron.m */; };
		40F24CDF1ABCF5B900B9945F /* Patron.m in Sources */ = {isa = PBXBuildFile; fileRef = 40F24CDD1ABCF5B900B9945F /* Patron.m */; };
/* End PBXBuildFile section */

/* Begin PBXContainerItemProxy section */
		403AF3181AA7A8D600F8848E /* PBXContainerItemProxy */ = {
			isa = PBXContainerItemProxy;
			containerPortal = 403AF2F31AA7A8D600F8848E /* Project object */;
			proxyType = 1;
			remoteGlobalIDString = 403AF2FA1AA7A8D600F8848E;
			remoteInfo = AisleAide;
		};
/* End PBXContainerItemProxy section */

/* Begin PBXFileReference section */
		401B19F81B70435D00E64243 /* AisleAideSetupViewController.h */ = {isa = PBXFileReference; fileEncoding = 4; lastKnownFileType = sourcecode.c.h; path = AisleAideSetupViewController.h; sourceTree = SOURCE_ROOT; };
		401B19F91B70435D00E64243 /* AisleAideSetupViewController.m */ = {isa = PBXFileReference; fileEncoding = 4; lastKnownFileType = sourcecode.c.objc; path = AisleAideSetupViewController.m; sourceTree = SOURCE_ROOT; };
		402F6CBC1B8C11970078DD63 /* AddMoreItemsViewController.h */ = {isa = PBXFileReference; fileEncoding = 4; lastKnownFileType = sourcecode.c.h; path = AddMoreItemsViewController.h; sourceTree = "<group>"; };
		402F6CBD1B8C11970078DD63 /* AddMoreItemsViewController.m */ = {isa = PBXFileReference; fileEncoding = 4; lastKnownFileType = sourcecode.c.objc; path = AddMoreItemsViewController.m; sourceTree = "<group>"; };
		403AF2FB1AA7A8D600F8848E /* AisleAide.app */ = {isa = PBXFileReference; explicitFileType = wrapper.application; includeInIndex = 0; path = AisleAide.app; sourceTree = BUILT_PRODUCTS_DIR; };
		403AF2FF1AA7A8D600F8848E /* Info.plist */ = {isa = PBXFileReference; lastKnownFileType = text.plist.xml; path = Info.plist; sourceTree = "<group>"; };
		403AF3001AA7A8D600F8848E /* main.m */ = {isa = PBXFileReference; lastKnownFileType = sourcecode.c.objc; path = main.m; sourceTree = "<group>"; };
		403AF3021AA7A8D600F8848E /* AppDelegate.h */ = {isa = PBXFileReference; lastKnownFileType = sourcecode.c.h; path = AppDelegate.h; sourceTree = "<group>"; };
		403AF3031AA7A8D600F8848E /* AppDelegate.m */ = {isa = PBXFileReference; lastKnownFileType = sourcecode.c.objc; path = AppDelegate.m; sourceTree = "<group>"; };
		403AF3061AA7A8D600F8848E /* AisleAide.xcdatamodel */ = {isa = PBXFileReference; lastKnownFileType = wrapper.xcdatamodel; path = AisleAide.xcdatamodel; sourceTree = "<group>"; };
		403AF3081AA7A8D600F8848E /* ViewController.h */ = {isa = PBXFileReference; lastKnownFileType = sourcecode.c.h; path = ViewController.h; sourceTree = "<group>"; };
		403AF3091AA7A8D600F8848E /* ViewController.m */ = {isa = PBXFileReference; lastKnownFileType = sourcecode.c.objc; path = ViewController.m; sourceTree = "<group>"; };
		403AF30C1AA7A8D600F8848E /* Base */ = {isa = PBXFileReference; lastKnownFileType = file.storyboard; name = Base; path = Base.lproj/Main.storyboard; sourceTree = "<group>"; };
		403AF30E1AA7A8D600F8848E /* Images.xcassets */ = {isa = PBXFileReference; lastKnownFileType = folder.assetcatalog; path = Images.xcassets; sourceTree = "<group>"; };
		403AF3111AA7A8D600F8848E /* Base */ = {isa = PBXFileReference; lastKnownFileType = file.xib; name = Base; path = Base.lproj/LaunchScreen.xib; sourceTree = "<group>"; };
		403AF3171AA7A8D600F8848E /* AisleAideTests.xctest */ = {isa = PBXFileReference; explicitFileType = wrapper.cfbundle; includeInIndex = 0; path = AisleAideTests.xctest; sourceTree = BUILT_PRODUCTS_DIR; };
		403AF31C1AA7A8D600F8848E /* Info.plist */ = {isa = PBXFileReference; lastKnownFileType = text.plist.xml; path = Info.plist; sourceTree = "<group>"; };
		403AF31D1AA7A8D600F8848E /* AisleAideTests.m */ = {isa = PBXFileReference; lastKnownFileType = sourcecode.c.objc; path = AisleAideTests.m; sourceTree = "<group>"; };
		403AF3271AA7AB2200F8848E /* Item.h */ = {isa = PBXFileReference; fileEncoding = 4; lastKnownFileType = sourcecode.c.h; path = Item.h; sourceTree = "<group>"; };
		403AF3281AA7AB2200F8848E /* Item.m */ = {isa = PBXFileReference; fileEncoding = 4; lastKnownFileType = sourcecode.c.objc; path = Item.m; sourceTree = "<group>"; };
		404D963E1B6F01EE00447F5C /* ItemCollectionViewController.h */ = {isa = PBXFileReference; fileEncoding = 4; lastKnownFileType = sourcecode.c.h; path = ItemCollectionViewController.h; sourceTree = "<group>"; };
		404D963F1B6F01EE00447F5C /* ItemCollectionViewController.m */ = {isa = PBXFileReference; fileEncoding = 4; lastKnownFileType = sourcecode.c.objc; path = ItemCollectionViewController.m; sourceTree = "<group>"; };
		404D96421B6F05BC00447F5C /* ItemCollectionViewCell.h */ = {isa = PBXFileReference; fileEncoding = 4; lastKnownFileType = sourcecode.c.h; path = ItemCollectionViewCell.h; sourceTree = "<group>"; };
		404D96431B6F05BC00447F5C /* ItemCollectionViewCell.m */ = {isa = PBXFileReference; fileEncoding = 4; lastKnownFileType = sourcecode.c.objc; path = ItemCollectionViewCell.m; sourceTree = "<group>"; };
		404D96461B703F0A00447F5C /* AANavigationController.h */ = {isa = PBXFileReference; fileEncoding = 4; lastKnownFileType = sourcecode.c.h; path = AANavigationController.h; sourceTree = "<group>"; };
		404D96471B703F0A00447F5C /* AANavigationController.m */ = {isa = PBXFileReference; fileEncoding = 4; lastKnownFileType = sourcecode.c.objc; path = AANavigationController.m; sourceTree = "<group>"; };
		404D96481B703F0A00447F5C /* AANavigationController.xib */ = {isa = PBXFileReference; fileEncoding = 4; lastKnownFileType = file.xib; path = AANavigationController.xib; sourceTree = "<group>"; };
		40A088FF1C542F7400390AB2 /* AlsoOnItemTableViewCell.h */ = {isa = PBXFileReference; fileEncoding = 4; lastKnownFileType = sourcecode.c.h; path = AlsoOnItemTableViewCell.h; sourceTree = "<group>"; };
		40A089001C542F7400390AB2 /* AlsoOnItemTableViewCell.m */ = {isa = PBXFileReference; fileEncoding = 4; lastKnownFileType = sourcecode.c.objc; path = AlsoOnItemTableViewCell.m; sourceTree = "<group>"; };
		40A089031C54305A00390AB2 /* AisleOverItemTableViewCell.h */ = {isa = PBXFileReference; fileEncoding = 4; lastKnownFileType = sourcecode.c.h; path = AisleOverItemTableViewCell.h; sourceTree = "<group>"; };
		40A089041C54305A00390AB2 /* AisleOverItemTableViewCell.m */ = {isa = PBXFileReference; fileEncoding = 4; lastKnownFileType = sourcecode.c.objc; path = AisleOverItemTableViewCell.m; sourceTree = "<group>"; };
		40A6B1AC1B17E9660059BB24 /* ProdGrpCollectionViewCell.h */ = {isa = PBXFileReference; fileEncoding = 4; lastKnownFileType = sourcecode.c.h; path = ProdGrpCollectionViewCell.h; sourceTree = "<group>"; };
		40A6B1AD1B17E9660059BB24 /* ProdGrpCollectionViewCell.m */ = {isa = PBXFileReference; fileEncoding = 4; lastKnownFileType = sourcecode.c.objc; path = ProdGrpCollectionViewCell.m; sourceTree = "<group>"; };
		40A6B1B01B17EA090059BB24 /* ProdGrpCollectionViewController.h */ = {isa = PBXFileReference; fileEncoding = 4; lastKnownFileType = sourcecode.c.h; path = ProdGrpCollectionViewController.h; sourceTree = "<group>"; };
		40A6B1B11B17EA090059BB24 /* ProdGrpCollectionViewController.m */ = {isa = PBXFileReference; fileEncoding = 4; lastKnownFileType = sourcecode.c.objc; path = ProdGrpCollectionViewController.m; sourceTree = "<group>"; };
		40A6B1B41B17F9010059BB24 /* AisleAideContainerViewController.h */ = {isa = PBXFileReference; fileEncoding = 4; lastKnownFileType = sourcecode.c.h; path = AisleAideContainerViewController.h; sourceTree = "<group>"; };
		40A6B1B51B17F9010059BB24 /* AisleAideContainerViewController.m */ = {isa = PBXFileReference; fileEncoding = 4; lastKnownFileType = sourcecode.c.objc; path = AisleAideContainerViewController.m; sourceTree = "<group>"; };
		40D86F301AFFD5EE00D686C8 /* ItemListViewController.h */ = {isa = PBXFileReference; fileEncoding = 4; lastKnownFileType = sourcecode.c.h; path = ItemListViewController.h; sourceTree = "<group>"; };
		40D86F311AFFD5EE00D686C8 /* ItemListViewController.m */ = {isa = PBXFileReference; fileEncoding = 4; lastKnownFileType = sourcecode.c.objc; path = ItemListViewController.m; sourceTree = "<group>"; };
		40D86F341AFFE45000D686C8 /* ItemTableViewCell.h */ = {isa = PBXFileReference; fileEncoding = 4; lastKnownFileType = sourcecode.c.h; path = ItemTableViewCell.h; sourceTree = "<group>"; };
		40D86F351AFFE45000D686C8 /* ItemTableViewCell.m */ = {isa = PBXFileReference; fileEncoding = 4; lastKnownFileType = sourcecode.c.objc; path = ItemTableViewCell.m; sourceTree = "<group>"; };
		40E94BA51BB708C9003E6920 /* Lyle.h */ = {isa = PBXFileReference; fileEncoding = 4; lastKnownFileType = sourcecode.c.h; path = Lyle.h; sourceTree = "<group>"; };
		40E94BA61BB708C9003E6920 /* Lyle.m */ = {isa = PBXFileReference; fileEncoding = 4; lastKnownFileType = sourcecode.c.objc; path = Lyle.m; sourceTree = "<group>"; };
		40E94BA91BB70FD9003E6920 /* ItemList.h */ = {isa = PBXFileReference; fileEncoding = 4; lastKnownFileType = sourcecode.c.h; path = ItemList.h; sourceTree = "<group>"; };
		40E94BAA1BB70FD9003E6920 /* ItemList.m */ = {isa = PBXFileReference; fileEncoding = 4; lastKnownFileType = sourcecode.c.objc; path = ItemList.m; sourceTree = "<group>"; };
		40F198331AC314E100950FDE /* ProductGroup.h */ = {isa = PBXFileReference; fileEncoding = 4; lastKnownFileType = sourcecode.c.h; path = ProductGroup.h; sourceTree = "<group>"; };
		40F198341AC314E100950FDE /* ProductGroup.m */ = {isa = PBXFileReference; fileEncoding = 4; lastKnownFileType = sourcecode.c.objc; path = ProductGroup.m; sourceTree = "<group>"; };
		40F198371AC319D900950FDE /* Store.h */ = {isa = PBXFileReference; fileEncoding = 4; lastKnownFileType = sourcecode.c.h; path = Store.h; sourceTree = "<group>"; };
		40F198381AC319D900950FDE /* Store.m */ = {isa = PBXFileReference; fileEncoding = 4; lastKnownFileType = sourcecode.c.objc; path = Store.m; sourceTree = "<group>"; };
		40F1983B1AC31C3400950FDE /* AisleList.h */ = {isa = PBXFileReference; fileEncoding = 4; lastKnownFileType = sourcecode.c.h; path = AisleList.h; sourceTree = "<group>"; };
		40F1983C1AC31C3400950FDE /* AisleList.m */ = {isa = PBXFileReference; fileEncoding = 4; lastKnownFileType = sourcecode.c.objc; path = AisleList.m; sourceTree = "<group>"; };
		40F198431AC328CE00950FDE /* StoreModel.plist */ = {isa = PBXFileReference; fileEncoding = 4; lastKnownFileType = text.plist.xml; path = StoreModel.plist; sourceTree = "<group>"; };
		40F24CD81ABCF0C400B9945F /* Aisle.h */ = {isa = PBXFileReference; fileEncoding = 4; lastKnownFileType = sourcecode.c.h; path = Aisle.h; sourceTree = "<group>"; };
		40F24CD91ABCF0C400B9945F /* Aisle.m */ = {isa = PBXFileReference; fileEncoding = 4; lastKnownFileType = sourcecode.c.objc; path = Aisle.m; sourceTree = "<group>"; };
		40F24CDC1ABCF5B900B9945F /* Patron.h */ = {isa = PBXFileReference; fileEncoding = 4; lastKnownFileType = sourcecode.c.h; path = Patron.h; sourceTree = "<group>"; };
		40F24CDD1ABCF5B900B9945F /* Patron.m */ = {isa = PBXFileReference; fileEncoding = 4; lastKnownFileType = sourcecode.c.objc; path = Patron.m; sourceTree = "<group>"; };
/* End PBXFileReference section */

/* Begin PBXFrameworksBuildPhase section */
		403AF2F81AA7A8D600F8848E /* Frameworks */ = {
			isa = PBXFrameworksBuildPhase;
			buildActionMask = 2147483647;
			files = (
			);
			runOnlyForDeploymentPostprocessing = 0;
		};
		403AF3141AA7A8D600F8848E /* Frameworks */ = {
			isa = PBXFrameworksBuildPhase;
			buildActionMask = 2147483647;
			files = (
			);
			runOnlyForDeploymentPostprocessing = 0;
		};
/* End PBXFrameworksBuildPhase section */

/* Begin PBXGroup section */
		4017124C1AEEC36A000EC343 /* AisleAide System Objects */ = {
			isa = PBXGroup;
			children = (
				403AF3271AA7AB2200F8848E /* Item.h */,
				403AF3281AA7AB2200F8848E /* Item.m */,
				40F24CD81ABCF0C400B9945F /* Aisle.h */,
				40F24CD91ABCF0C400B9945F /* Aisle.m */,
				40F1983B1AC31C3400950FDE /* AisleList.h */,
				40F1983C1AC31C3400950FDE /* AisleList.m */,
				40F24CDC1ABCF5B900B9945F /* Patron.h */,
				40F24CDD1ABCF5B900B9945F /* Patron.m */,
				40F198331AC314E100950FDE /* ProductGroup.h */,
				40F198341AC314E100950FDE /* ProductGroup.m */,
				40F198371AC319D900950FDE /* Store.h */,
				40F198381AC319D900950FDE /* Store.m */,
			);
			name = "AisleAide System Objects";
			sourceTree = "<group>";
		};
		403AF2F21AA7A8D600F8848E = {
			isa = PBXGroup;
			children = (
				40E94BA51BB708C9003E6920 /* Lyle.h */,
				40E94BA61BB708C9003E6920 /* Lyle.m */,
				403AF2FD1AA7A8D600F8848E /* AisleAide */,
				403AF31A1AA7A8D600F8848E /* AisleAideTests */,
				403AF2FC1AA7A8D600F8848E /* Products */,
			);
			sourceTree = "<group>";
		};
		403AF2FC1AA7A8D600F8848E /* Products */ = {
			isa = PBXGroup;
			children = (
				403AF2FB1AA7A8D600F8848E /* AisleAide.app */,
				403AF3171AA7A8D600F8848E /* AisleAideTests.xctest */,
			);
			name = Products;
			sourceTree = "<group>";
		};
		403AF2FD1AA7A8D600F8848E /* AisleAide */ = {
			isa = PBXGroup;
			children = (
				403AF3021AA7A8D600F8848E /* AppDelegate.h */,
				403AF3031AA7A8D600F8848E /* AppDelegate.m */,
				403AF3081AA7A8D600F8848E /* ViewController.h */,
				403AF3091AA7A8D600F8848E /* ViewController.m */,
				401B19F81B70435D00E64243 /* AisleAideSetupViewController.h */,
				401B19F91B70435D00E64243 /* AisleAideSetupViewController.m */,
				403AF30B1AA7A8D600F8848E /* Main.storyboard */,
				402F6CBC1B8C11970078DD63 /* AddMoreItemsViewController.h */,
				402F6CBD1B8C11970078DD63 /* AddMoreItemsViewController.m */,
				40A6B1B41B17F9010059BB24 /* AisleAideContainerViewController.h */,
				40A6B1B51B17F9010059BB24 /* AisleAideContainerViewController.m */,
				40A6B1B01B17EA090059BB24 /* ProdGrpCollectionViewController.h */,
				40A6B1B11B17EA090059BB24 /* ProdGrpCollectionViewController.m */,
				40A6B1AC1B17E9660059BB24 /* ProdGrpCollectionViewCell.h */,
				40A6B1AD1B17E9660059BB24 /* ProdGrpCollectionViewCell.m */,
				404D963E1B6F01EE00447F5C /* ItemCollectionViewController.h */,
				404D963F1B6F01EE00447F5C /* ItemCollectionViewController.m */,
				404D96421B6F05BC00447F5C /* ItemCollectionViewCell.h */,
				404D96431B6F05BC00447F5C /* ItemCollectionViewCell.m */,
				404D96461B703F0A00447F5C /* AANavigationController.h */,
				404D96471B703F0A00447F5C /* AANavigationController.m */,
				404D96481B703F0A00447F5C /* AANavigationController.xib */,
				40D86F301AFFD5EE00D686C8 /* ItemListViewController.h */,
				40D86F311AFFD5EE00D686C8 /* ItemListViewController.m */,
				40D86F341AFFE45000D686C8 /* ItemTableViewCell.h */,
				40D86F351AFFE45000D686C8 /* ItemTableViewCell.m */,
				40A089031C54305A00390AB2 /* AisleOverItemTableViewCell.h */,
				40A089041C54305A00390AB2 /* AisleOverItemTableViewCell.m */,
				40A088FF1C542F7400390AB2 /* AlsoOnItemTableViewCell.h */,
				40A089001C542F7400390AB2 /* AlsoOnItemTableViewCell.m */,
				40E94BA91BB70FD9003E6920 /* ItemList.h */,
				40E94BAA1BB70FD9003E6920 /* ItemList.m */,
				4017124C1AEEC36A000EC343 /* AisleAide System Objects */,
				40F198431AC328CE00950FDE /* StoreModel.plist */,
				403AF30E1AA7A8D600F8848E /* Images.xcassets */,
				403AF3101AA7A8D600F8848E /* LaunchScreen.xib */,
				403AF3051AA7A8D600F8848E /* AisleAide.xcdatamodeld */,
				403AF2FE1AA7A8D600F8848E /* Supporting Files */,
			);
			path = AisleAide;
			sourceTree = "<group>";
		};
		403AF2FE1AA7A8D600F8848E /* Supporting Files */ = {
			isa = PBXGroup;
			children = (
				403AF2FF1AA7A8D600F8848E /* Info.plist */,
				403AF3001AA7A8D600F8848E /* main.m */,
			);
			name = "Supporting Files";
			sourceTree = "<group>";
		};
		403AF31A1AA7A8D600F8848E /* AisleAideTests */ = {
			isa = PBXGroup;
			children = (
				403AF31D1AA7A8D600F8848E /* AisleAideTests.m */,
				403AF31B1AA7A8D600F8848E /* Supporting Files */,
			);
			path = AisleAideTests;
			sourceTree = "<group>";
		};
		403AF31B1AA7A8D600F8848E /* Supporting Files */ = {
			isa = PBXGroup;
			children = (
				403AF31C1AA7A8D600F8848E /* Info.plist */,
			);
			name = "Supporting Files";
			sourceTree = "<group>";
		};
/* End PBXGroup section */

/* Begin PBXNativeTarget section */
		403AF2FA1AA7A8D600F8848E /* AisleAide */ = {
			isa = PBXNativeTarget;
			buildConfigurationList = 403AF3211AA7A8D600F8848E /* Build configuration list for PBXNativeTarget "AisleAide" */;
			buildPhases = (
				403AF2F71AA7A8D600F8848E /* Sources */,
				403AF2F81AA7A8D600F8848E /* Frameworks */,
				403AF2F91AA7A8D600F8848E /* Resources */,
			);
			buildRules = (
			);
			dependencies = (
			);
			name = AisleAide;
			productName = AisleAide;
			productReference = 403AF2FB1AA7A8D600F8848E /* AisleAide.app */;
			productType = "com.apple.product-type.application";
		};
		403AF3161AA7A8D600F8848E /* AisleAideTests */ = {
			isa = PBXNativeTarget;
			buildConfigurationList = 403AF3241AA7A8D600F8848E /* Build configuration list for PBXNativeTarget "AisleAideTests" */;
			buildPhases = (
				403AF3131AA7A8D600F8848E /* Sources */,
				403AF3141AA7A8D600F8848E /* Frameworks */,
				403AF3151AA7A8D600F8848E /* Resources */,
			);
			buildRules = (
			);
			dependencies = (
				403AF3191AA7A8D600F8848E /* PBXTargetDependency */,
			);
			name = AisleAideTests;
			productName = AisleAideTests;
			productReference = 403AF3171AA7A8D600F8848E /* AisleAideTests.xctest */;
			productType = "com.apple.product-type.bundle.unit-test";
		};
/* End PBXNativeTarget section */

/* Begin PBXProject section */
		403AF2F31AA7A8D600F8848E /* Project object */ = {
			isa = PBXProject;
			attributes = {
				LastUpgradeCheck = 0720;
				ORGANIZATIONNAME = MyerSoft;
				TargetAttributes = {
					403AF2FA1AA7A8D600F8848E = {
						CreatedOnToolsVersion = 6.1.1;
					};
					403AF3161AA7A8D600F8848E = {
						CreatedOnToolsVersion = 6.1.1;
						TestTargetID = 403AF2FA1AA7A8D600F8848E;
					};
				};
			};
			buildConfigurationList = 403AF2F61AA7A8D600F8848E /* Build configuration list for PBXProject "AisleAide" */;
			compatibilityVersion = "Xcode 3.2";
			developmentRegion = English;
			hasScannedForEncodings = 0;
			knownRegions = (
				en,
				Base,
			);
			mainGroup = 403AF2F21AA7A8D600F8848E;
			productRefGroup = 403AF2FC1AA7A8D600F8848E /* Products */;
			projectDirPath = "";
			projectRoot = "";
			targets = (
				403AF2FA1AA7A8D600F8848E /* AisleAide */,
				403AF3161AA7A8D600F8848E /* AisleAideTests */,
			);
		};
/* End PBXProject section */

/* Begin PBXResourcesBuildPhase section */
		403AF2F91AA7A8D600F8848E /* Resources */ = {
			isa = PBXResourcesBuildPhase;
			buildActionMask = 2147483647;
			files = (
				403AF30D1AA7A8D600F8848E /* Main.storyboard in Resources */,
				404D964B1B703F0A00447F5C /* AANavigationController.xib in Resources */,
				403AF3121AA7A8D600F8848E /* LaunchScreen.xib in Resources */,
				40F198441AC328CE00950FDE /* StoreModel.plist in Resources */,
				403AF30F1AA7A8D600F8848E /* Images.xcassets in Resources */,
			);
			runOnlyForDeploymentPostprocessing = 0;
		};
		403AF3151AA7A8D600F8848E /* Resources */ = {
			isa = PBXResourcesBuildPhase;
			buildActionMask = 2147483647;
			files = (
				40F198451AC328CE00950FDE /* StoreModel.plist in Resources */,
				404D964C1B703F0A00447F5C /* AANavigationController.xib in Resources */,
			);
			runOnlyForDeploymentPostprocessing = 0;
		};
/* End PBXResourcesBuildPhase section */

/* Begin PBXSourcesBuildPhase section */
		403AF2F71AA7A8D600F8848E /* Sources */ = {
			isa = PBXSourcesBuildPhase;
			buildActionMask = 2147483647;
			files = (
				40E94BAB1BB70FD9003E6920 /* ItemList.m in Sources */,
				40D86F361AFFE45000D686C8 /* ItemTableViewCell.m in Sources */,
				40A089011C542F7400390AB2 /* AlsoOnItemTableViewCell.m in Sources */,
				40A089051C54305A00390AB2 /* AisleOverItemTableViewCell.m in Sources */,
				40F24CDA1ABCF0C400B9945F /* Aisle.m in Sources */,
				403AF3291AA7AB2200F8848E /* Item.m in Sources */,
				404D96491B703F0A00447F5C /* AANavigationController.m in Sources */,
				404D96401B6F01EE00447F5C /* ItemCollectionViewController.m in Sources */,
				40A6B1AE1B17E9660059BB24 /* ProdGrpCollectionViewCell.m in Sources */,
				40F24CDE1ABCF5B900B9945F /* Patron.m in Sources */,
				40E94BA71BB708C9003E6920 /* Lyle.m in Sources */,
				40A6B1B21B17EA090059BB24 /* ProdGrpCollectionViewController.m in Sources */,
				403AF3041AA7A8D600F8848E /* AppDelegate.m in Sources */,
				401B19FA1B70435D00E64243 /* AisleAideSetupViewController.m in Sources */,
				403AF3011AA7A8D600F8848E /* main.m in Sources */,
				403AF30A1AA7A8D600F8848E /* ViewController.m in Sources */,
				40F198391AC319D900950FDE /* Store.m in Sources */,
				40D86F321AFFD5EE00D686C8 /* ItemListViewController.m in Sources */,
				403AF3071AA7A8D600F8848E /* AisleAide.xcdatamodeld in Sources */,
				404D96441B6F05BC00447F5C /* ItemCollectionViewCell.m in Sources */,
				402F6CBE1B8C11970078DD63 /* AddMoreItemsViewController.m in Sources */,
				40A6B1B61B17F9010059BB24 /* AisleAideContainerViewController.m in Sources */,
				40F1983D1AC31C3400950FDE /* AisleList.m in Sources */,
				40F198351AC314E100950FDE /* ProductGroup.m in Sources */,
			);
			runOnlyForDeploymentPostprocessing = 0;
		};
		403AF3131AA7A8D600F8848E /* Sources */ = {
			isa = PBXSourcesBuildPhase;
			buildActionMask = 2147483647;
			files = (
				40A6B1B71B17F9010059BB24 /* AisleAideContainerViewController.m in Sources */,
				402F6CBF1B8C11970078DD63 /* AddMoreItemsViewController.m in Sources */,
				40D86F371AFFE45000D686C8 /* ItemTableViewCell.m in Sources */,
				40F24CDB1ABCF0C400B9945F /* Aisle.m in Sources */,
				403AF32A1AA7AB2200F8848E /* Item.m in Sources */,
				40F198361AC314E100950FDE /* ProductGroup.m in Sources */,
				40A089061C54305A00390AB2 /* AisleOverItemTableViewCell.m in Sources */,
				404D96411B6F01EE00447F5C /* ItemCollectionViewController.m in Sources */,
				40E94BA81BB708C9003E6920 /* Lyle.m in Sources */,
				40F1983A1AC319D900950FDE /* Store.m in Sources */,
				40A6B1B31B17EA090059BB24 /* ProdGrpCollectionViewController.m in Sources */,
				403AF31E1AA7A8D600F8848E /* AisleAideTests.m in Sources */,
				40D86F331AFFD5EE00D686C8 /* ItemListViewController.m in Sources */,
				40E94BAC1BB70FD9003E6920 /* ItemList.m in Sources */,
				401B19FB1B70435D00E64243 /* AisleAideSetupViewController.m in Sources */,
				40A6B1AF1B17E9660059BB24 /* ProdGrpCollectionViewCell.m in Sources */,
				404D96451B6F05BC00447F5C /* ItemCollectionViewCell.m in Sources */,
				404D964A1B703F0A00447F5C /* AANavigationController.m in Sources */,
				40F24CDF1ABCF5B900B9945F /* Patron.m in Sources */,
				40A089021C542F7400390AB2 /* AlsoOnItemTableViewCell.m in Sources */,
				40F1983E1AC31C3400950FDE /* AisleList.m in Sources */,
			);
			runOnlyForDeploymentPostprocessing = 0;
		};
/* End PBXSourcesBuildPhase section */

/* Begin PBXTargetDependency section */
		403AF3191AA7A8D600F8848E /* PBXTargetDependency */ = {
			isa = PBXTargetDependency;
			target = 403AF2FA1AA7A8D600F8848E /* AisleAide */;
			targetProxy = 403AF3181AA7A8D600F8848E /* PBXContainerItemProxy */;
		};
/* End PBXTargetDependency section */

/* Begin PBXVariantGroup section */
		403AF30B1AA7A8D600F8848E /* Main.storyboard */ = {
			isa = PBXVariantGroup;
			children = (
				403AF30C1AA7A8D600F8848E /* Base */,
			);
			name = Main.storyboard;
			sourceTree = "<group>";
		};
		403AF3101AA7A8D600F8848E /* LaunchScreen.xib */ = {
			isa = PBXVariantGroup;
			children = (
				403AF3111AA7A8D600F8848E /* Base */,
			);
			name = LaunchScreen.xib;
			sourceTree = "<group>";
		};
/* End PBXVariantGroup section */

/* Begin XCBuildConfiguration section */
		403AF31F1AA7A8D600F8848E /* Debug */ = {
			isa = XCBuildConfiguration;
			buildSettings = {
				ALWAYS_SEARCH_USER_PATHS = NO;
				CLANG_CXX_LANGUAGE_STANDARD = "gnu++0x";
				CLANG_CXX_LIBRARY = "libc++";
				CLANG_ENABLE_MODULES = YES;
				CLANG_ENABLE_OBJC_ARC = YES;
				CLANG_WARN_BOOL_CONVERSION = YES;
				CLANG_WARN_CONSTANT_CONVERSION = YES;
				CLANG_WARN_DIRECT_OBJC_ISA_USAGE = YES_ERROR;
				CLANG_WARN_EMPTY_BODY = YES;
				CLANG_WARN_ENUM_CONVERSION = YES;
				CLANG_WARN_INT_CONVERSION = YES;
				CLANG_WARN_OBJC_ROOT_CLASS = YES_ERROR;
				CLANG_WARN_UNREACHABLE_CODE = YES;
				CLANG_WARN__DUPLICATE_METHOD_MATCH = YES;
				"CODE_SIGN_IDENTITY[sdk=iphoneos*]" = "iPhone Developer";
				COPY_PHASE_STRIP = NO;
				ENABLE_STRICT_OBJC_MSGSEND = YES;
				ENABLE_TESTABILITY = YES;
				GCC_C_LANGUAGE_STANDARD = gnu99;
				GCC_DYNAMIC_NO_PIC = NO;
				GCC_OPTIMIZATION_LEVEL = 0;
				GCC_PREPROCESSOR_DEFINITIONS = (
					"DEBUG=1",
					"$(inherited)",
				);
				GCC_SYMBOLS_PRIVATE_EXTERN = NO;
				GCC_WARN_64_TO_32_BIT_CONVERSION = YES;
				GCC_WARN_ABOUT_RETURN_TYPE = YES_ERROR;
				GCC_WARN_UNDECLARED_SELECTOR = YES;
				GCC_WARN_UNINITIALIZED_AUTOS = YES_AGGRESSIVE;
				GCC_WARN_UNUSED_FUNCTION = YES;
				GCC_WARN_UNUSED_VARIABLE = YES;
				IPHONEOS_DEPLOYMENT_TARGET = 8.1;
				MTL_ENABLE_DEBUG_INFO = YES;
				ONLY_ACTIVE_ARCH = YES;
				SDKROOT = iphoneos;
			};
			name = Debug;
		};
		403AF3201AA7A8D600F8848E /* Release */ = {
			isa = XCBuildConfiguration;
			buildSettings = {
				ALWAYS_SEARCH_USER_PATHS = NO;
				CLANG_CXX_LANGUAGE_STANDARD = "gnu++0x";
				CLANG_CXX_LIBRARY = "libc++";
				CLANG_ENABLE_MODULES = YES;
				CLANG_ENABLE_OBJC_ARC = YES;
				CLANG_WARN_BOOL_CONVERSION = YES;
				CLANG_WARN_CONSTANT_CONVERSION = YES;
				CLANG_WARN_DIRECT_OBJC_ISA_USAGE = YES_ERROR;
				CLANG_WARN_EMPTY_BODY = YES;
				CLANG_WARN_ENUM_CONVERSION = YES;
				CLANG_WARN_INT_CONVERSION = YES;
				CLANG_WARN_OBJC_ROOT_CLASS = YES_ERROR;
				CLANG_WARN_UNREACHABLE_CODE = YES;
				CLANG_WARN__DUPLICATE_METHOD_MATCH = YES;
				"CODE_SIGN_IDENTITY[sdk=iphoneos*]" = "iPhone Developer";
				COPY_PHASE_STRIP = YES;
				ENABLE_NS_ASSERTIONS = NO;
				ENABLE_STRICT_OBJC_MSGSEND = YES;
				GCC_C_LANGUAGE_STANDARD = gnu99;
				GCC_WARN_64_TO_32_BIT_CONVERSION = YES;
				GCC_WARN_ABOUT_RETURN_TYPE = YES_ERROR;
				GCC_WARN_UNDECLARED_SELECTOR = YES;
				GCC_WARN_UNINITIALIZED_AUTOS = YES_AGGRESSIVE;
				GCC_WARN_UNUSED_FUNCTION = YES;
				GCC_WARN_UNUSED_VARIABLE = YES;
				IPHONEOS_DEPLOYMENT_TARGET = 8.1;
				MTL_ENABLE_DEBUG_INFO = NO;
				SDKROOT = iphoneos;
				VALIDATE_PRODUCT = YES;
			};
			name = Release;
		};
		403AF3221AA7A8D600F8848E /* Debug */ = {
			isa = XCBuildConfiguration;
			buildSettings = {
				ASSETCATALOG_COMPILER_APPICON_NAME = AppIcon;
				INFOPLIST_FILE = AisleAide/Info.plist;
				LD_RUNPATH_SEARCH_PATHS = "$(inherited) @executable_path/Frameworks";
				PRODUCT_BUNDLE_IDENTIFIER = "com.MyerSoft.$(PRODUCT_NAME:rfc1034identifier)";
				PRODUCT_NAME = "$(TARGET_NAME)";
			};
			name = Debug;
		};
		403AF3231AA7A8D600F8848E /* Release */ = {
			isa = XCBuildConfiguration;
			buildSettings = {
				ASSETCATALOG_COMPILER_APPICON_NAME = AppIcon;
				INFOPLIST_FILE = AisleAide/Info.plist;
				LD_RUNPATH_SEARCH_PATHS = "$(inherited) @executable_path/Frameworks";
				PRODUCT_BUNDLE_IDENTIFIER = "com.MyerSoft.$(PRODUCT_NAME:rfc1034identifier)";
				PRODUCT_NAME = "$(TARGET_NAME)";
			};
			name = Release;
		};
		403AF3251AA7A8D600F8848E /* Debug */ = {
			isa = XCBuildConfiguration;
			buildSettings = {
				BUNDLE_LOADER = "$(TEST_HOST)";
				FRAMEWORK_SEARCH_PATHS = (
					"$(SDKROOT)/Developer/Library/Frameworks",
					"$(inherited)",
				);
				GCC_PREPROCESSOR_DEFINITIONS = (
					"DEBUG=1",
					"$(inherited)",
				);
				INFOPLIST_FILE = AisleAideTests/Info.plist;
				LD_RUNPATH_SEARCH_PATHS = "$(inherited) @executable_path/Frameworks @loader_path/Frameworks";
				PRODUCT_BUNDLE_IDENTIFIER = "com.MyerSoft.$(PRODUCT_NAME:rfc1034identifier)";
				PRODUCT_NAME = "$(TARGET_NAME)";
				TEST_HOST = "$(BUILT_PRODUCTS_DIR)/AisleAide.app/AisleAide";
			};
			name = Debug;
		};
		403AF3261AA7A8D600F8848E /* Release */ = {
			isa = XCBuildConfiguration;
			buildSettings = {
				BUNDLE_LOADER = "$(TEST_HOST)";
				FRAMEWORK_SEARCH_PATHS = (
					"$(SDKROOT)/Developer/Library/Frameworks",
					"$(inherited)",
				);
				INFOPLIST_FILE = AisleAideTests/Info.plist;
				LD_RUNPATH_SEARCH_PATHS = "$(inherited) @executable_path/Frameworks @loader_path/Frameworks";
				PRODUCT_BUNDLE_IDENTIFIER = "com.MyerSoft.$(PRODUCT_NAME:rfc1034identifier)";
				PRODUCT_NAME = "$(TARGET_NAME)";
				TEST_HOST = "$(BUILT_PRODUCTS_DIR)/AisleAide.app/AisleAide";
			};
			name = Release;
		};
/* End XCBuildConfiguration section */

/* Begin XCConfigurationList section */
		403AF2F61AA7A8D600F8848E /* Build configuration list for PBXProject "AisleAide" */ = {
			isa = XCConfigurationList;
			buildConfigurations = (
				403AF31F1AA7A8D600F8848E /* Debug */,
				403AF3201AA7A8D600F8848E /* Release */,
			);
			defaultConfigurationIsVisible = 0;
			defaultConfigurationName = Release;
		};
		403AF3211AA7A8D600F8848E /* Build configuration list for PBXNativeTarget "AisleAide" */ = {
			isa = XCConfigurationList;
			buildConfigurations = (
				403AF3221AA7A8D600F8848E /* Debug */,
				403AF3231AA7A8D600F8848E /* Release */,
			);
			defaultConfigurationIsVisible = 0;
			defaultConfigurationName = Release;
		};
		403AF3241AA7A8D600F8848E /* Build configuration list for PBXNativeTarget "AisleAideTests" */ = {
			isa = XCConfigurationList;
			buildConfigurations = (
				403AF3251AA7A8D600F8848E /* Debug */,
				403AF3261AA7A8D600F8848E /* Release */,
			);
			defaultConfigurationIsVisible = 0;
			defaultConfigurationName = Release;
		};
/* End XCConfigurationList section */

/* Begin XCVersionGroup section */
		403AF3051AA7A8D600F8848E /* AisleAide.xcdatamodeld */ = {
			isa = XCVersionGroup;
			children = (
				403AF3061AA7A8D600F8848E /* AisleAide.xcdatamodel */,
			);
			currentVersion = 403AF3061AA7A8D600F8848E /* AisleAide.xcdatamodel */;
			path = AisleAide.xcdatamodeld;
			sourceTree = "<group>";
			versionGroupType = wrapper.xcdatamodel;
		};
/* End XCVersionGroup section */
	};
	rootObject = 403AF2F31AA7A8D600F8848E /* Project object */;
}
